<?xml version="1.0" encoding="utf-8"?>
<Project ToolsVersion="4.0" xmlns="http://schemas.microsoft.com/developer/msbuild/2003">
  <ItemGroup>
    <Filter Include="Source Files">
      <UniqueIdentifier>{4FC737F1-C7A5-4376-A066-2A32D752A2FF}</UniqueIdentifier>
      <Extensions>cpp;c;cc;cxx;c++;cppm;ixx;def;odl;idl;hpj;bat;asm;asmx</Extensions>
    </Filter>
    <Filter Include="Header Files">
      <UniqueIdentifier>{93995380-89BD-4b04-88EB-625FBE52EBFB}</UniqueIdentifier>
      <Extensions>h;hh;hpp;hxx;h++;hm;inl;inc;ipp;xsd</Extensions>
    </Filter>
    <Filter Include="Resource Files">
      <UniqueIdentifier>{67DA6AB6-F800-4c08-8B7A-83BB121AAD01}</UniqueIdentifier>
      <Extensions>rc;ico;cur;bmp;dlg;rc2;rct;bin;rgs;gif;jpg;jpeg;jpe;resx;tiff;tif;png;wav;mfcribbon-ms</Extensions>
    </Filter>
    <Filter Include="Header-only Files">
      <UniqueIdentifier>{25e87e5b-a0a4-4fc1-bb72-e1e142de2b3a}</UniqueIdentifier>
    </Filter>
    <Filter Include="Resource Files\Vertex Shaders">
      <UniqueIdentifier>{a68b94d5-ca8c-4d63-8d20-f6df3a21a5d4}</UniqueIdentifier>
    </Filter>
    <Filter Include="Resource Files\Fragment Shaders">
      <UniqueIdentifier>{86faf8c0-fdcd-41eb-8299-84e393aa4026}</UniqueIdentifier>
    </Filter>
    <Filter Include="Source Files\Render">
      <UniqueIdentifier>{5df8c260-0324-44e3-875e-e818476bfa5e}</UniqueIdentifier>
    </Filter>
    <Filter Include="Source Files\Render\Lights">
      <UniqueIdentifier>{714a2120-dc38-4ba5-a94e-a80642d8b22c}</UniqueIdentifier>
    </Filter>
    <Filter Include="Source Files\Render\Shaders">
      <UniqueIdentifier>{031cff36-daec-42f4-80a1-0aa234709527}</UniqueIdentifier>
    </Filter>
    <Filter Include="Header Files\Render">
      <UniqueIdentifier>{9e9aa330-222a-474b-ad3a-d116322bc3b0}</UniqueIdentifier>
    </Filter>
    <Filter Include="Header Files\Render\Light">
      <UniqueIdentifier>{127ec440-e8c3-4c7e-81b2-8d05823ebdf5}</UniqueIdentifier>
    </Filter>
    <Filter Include="Header Files\Render\Shaders">
      <UniqueIdentifier>{f4661bad-d1ea-4aae-afdb-a474fa022503}</UniqueIdentifier>
    </Filter>
    <Filter Include="Header Files\Render\Model">
      <UniqueIdentifier>{9713a3e9-c388-405f-9cbb-c2cf80451671}</UniqueIdentifier>
    </Filter>
    <Filter Include="Header Files\Render\Model\Mesh">
      <UniqueIdentifier>{3e36904b-8b98-47b2-bdc4-d02155461701}</UniqueIdentifier>
    </Filter>
    <Filter Include="Header Files\Render\Camera">
      <UniqueIdentifier>{a0ec3f46-ffbc-4a5c-a4ea-61de8665c0f7}</UniqueIdentifier>
    </Filter>
    <Filter Include="Source Files\Render\Camera">
      <UniqueIdentifier>{948137d4-ad20-4c31-8726-0ef089e1ead4}</UniqueIdentifier>
    </Filter>
    <Filter Include="Source Files\Render\Managers">
      <UniqueIdentifier>{d4a0d5d8-afca-4c83-8486-72a368dca639}</UniqueIdentifier>
    </Filter>
    <Filter Include="Header Files\Render\Managers">
      <UniqueIdentifier>{f4e21a4d-bdc9-4c31-86f4-cc7aa8c1c415}</UniqueIdentifier>
    </Filter>
    <Filter Include="Source Files\Render\Model">
      <UniqueIdentifier>{211fc5a7-88cc-4738-86cb-15eb4509b263}</UniqueIdentifier>
    </Filter>
    <Filter Include="Source Files\Render\Model\Mesh">
      <UniqueIdentifier>{a154377b-62a8-4e13-8469-8b3d08fd3a17}</UniqueIdentifier>
    </Filter>
  </ItemGroup>
  <ItemGroup>
    <ClCompile Include="main.cpp">
      <Filter>Source Files</Filter>
    </ClCompile>
    <ClCompile Include="render\ShaderProgram.cpp">
      <Filter>Source Files\Render\Shaders</Filter>
    </ClCompile>
    <ClCompile Include="render\entities\light\DirectionalLight.cpp">
      <Filter>Source Files\Render\Lights</Filter>
    </ClCompile>
    <ClCompile Include="render\entities\light\PointLight.cpp">
      <Filter>Source Files\Render\Lights</Filter>
    </ClCompile>
    <ClCompile Include="render\entities\light\SpotLight.cpp">
      <Filter>Source Files\Render\Lights</Filter>
    </ClCompile>
    <ClCompile Include="render\managers\LightManager.cpp">
      <Filter>Source Files\Render\Managers</Filter>
    </ClCompile>
    <ClCompile Include="render\entities\camera\Camera.cpp">
      <Filter>Source Files\Render\Camera</Filter>
    </ClCompile>
    <ClCompile Include="render\entities\object\model\Model.cpp">
      <Filter>Source Files\Render\Model</Filter>
    </ClCompile>
    <ClCompile Include="render\entities\object\model\mesh\Mesh.cpp">
      <Filter>Source Files\Render\Model\Mesh</Filter>
    </ClCompile>
    <ClCompile Include="render\UI\LightManagerUI\LightManagerUI.cpp">
      <Filter>Source Files</Filter>
    </ClCompile>
    <ClCompile Include="render\entities\object\Object.cpp">
      <Filter>Source Files</Filter>
    </ClCompile>
    <ClCompile Include="render\managers\ObjectManager.cpp">
      <Filter>Source Files</Filter>
    </ClCompile>
    <ClCompile Include="render\managers\WorldManager.cpp">
      <Filter>Source Files</Filter>
    </ClCompile>
    <ClCompile Include="render\entities\buffers\VBO\VBO.cpp">
      <Filter>Source Files</Filter>
    </ClCompile>
    <ClCompile Include="render\entities\buffers\VAO\VAO.cpp">
      <Filter>Source Files</Filter>
    </ClCompile>
    <ClCompile Include="render\entities\buffers\EBO\EBO.cpp">
      <Filter>Source Files</Filter>
    </ClCompile>
    <ClCompile Include="render\entities\object\model\texture\Texture.cpp">
      <Filter>Source Files</Filter>
    </ClCompile>
    <ClCompile Include="render\entities\framebuffer\Framebuffer.cpp">
      <Filter>Source Files</Filter>
    </ClCompile>
    <ClCompile Include="render\entities\object\model\texture\Cubemap.cpp">
      <Filter>Source Files</Filter>
    </ClCompile>
  </ItemGroup>
  <ItemGroup>
    <ClInclude Include="utils\FileReadUtils.hpp">
      <Filter>Header-only Files</Filter>
    </ClInclude>
    <ClInclude Include="render\ShaderProgram.h">
      <Filter>Header Files\Render\Shaders</Filter>
    </ClInclude>
    <ClInclude Include="render\entities\light\DirectionalLight.h">
      <Filter>Header Files\Render\Light</Filter>
    </ClInclude>
    <ClInclude Include="render\entities\light\Light.h">
      <Filter>Header Files\Render\Light</Filter>
    </ClInclude>
    <ClInclude Include="render\entities\light\PointLight.h">
      <Filter>Header Files\Render\Light</Filter>
    </ClInclude>
    <ClInclude Include="render\entities\light\SpotLight.h">
      <Filter>Header Files\Render\Light</Filter>
    </ClInclude>
    <ClInclude Include="render\entities\object\model\mesh\Mesh.h">
      <Filter>Header Files\Render\Model\Mesh</Filter>
    </ClInclude>
    <ClInclude Include="render\entities\camera\Camera.h">
      <Filter>Header Files\Render\Camera</Filter>
    </ClInclude>
    <ClInclude Include="render\managers\LightManager.h">
      <Filter>Header Files\Render\Managers</Filter>
    </ClInclude>
    <ClInclude Include="render\entities\object\model\Model.h">
      <Filter>Header Files\Render\Model</Filter>
    </ClInclude>
    <ClInclude Include="render\UI\LightManagerUI\LightManagerUI.h">
      <Filter>Header Files</Filter>
    </ClInclude>
    <ClInclude Include="render\managers\ObjectManager.h">
      <Filter>Header Files</Filter>
    </ClInclude>
    <ClInclude Include="render\entities\object\Object.h">
      <Filter>Header Files</Filter>
    </ClInclude>
    <ClInclude Include="render\managers\WorldManager.h">
      <Filter>Header Files</Filter>
    </ClInclude>
    <ClInclude Include="render\entities\buffers\VBO\VBO.h">
      <Filter>Header Files</Filter>
    </ClInclude>
    <ClInclude Include="render\entities\buffers\VAO\VAO.h">
      <Filter>Header Files</Filter>
    </ClInclude>
    <ClInclude Include="render\entities\buffers\EBO\EBO.h">
      <Filter>Header Files</Filter>
    </ClInclude>
    <ClInclude Include="render\entities\object\model\texture\Texture.h">
      <Filter>Header Files</Filter>
    </ClInclude>
    <ClInclude Include="render\entities\object\renderable\Renderable.h">
      <Filter>Header Files</Filter>
    </ClInclude>
    <ClInclude Include="render\entities\object\model\texture\Cubemap.h">
      <Filter>Header Files</Filter>
    </ClInclude>
  </ItemGroup>
  <ItemGroup>
    <None Include="shaders\defaultLighting.vert">
      <Filter>Resource Files\Vertex Shaders</Filter>
    </None>
    <None Include="shaders\default.vert">
      <Filter>Resource Files\Vertex Shaders</Filter>
    </None>
    <None Include="shaders\defaultLighting.frag">
      <Filter>Resource Files\Fragment Shaders</Filter>
    </None>
    <None Include="shaders\default.frag">
      <Filter>Resource Files\Fragment Shaders</Filter>
    </None>
    <None Include="shaders\LightingOpacity.frag" />
    <None Include="shaders\LightingOpacity.vert" />
    <None Include="shaders\postEffect.frag" />
    <None Include="shaders\skybox.vert" />
    <None Include="shaders\skybox.frag" />
    <None Include="shaders\instancing.vert" />
  </ItemGroup>
</Project>